
Microsoft Visual Studio Solution File, Format Version 12.00
# Visual Studio Version 16
VisualStudioVersion = 16.0.31702.278
MinimumVisualStudioVersion = 10.0.40219.1
Project("{FAE04EC0-301F-11D3-BF4B-00C04F79EFBC}") = "TestConsoleApp", "TestConsoleApp\TestConsoleApp.csproj", "{A94C77D4-404C-4BDD-A1A0-BC3517D81B5C}"
EndProject
Global
	GlobalSection(SolutionConfigurationPlatforms) = preSolution
		Debug|Any CPU = Debug|Any CPU
		Release|Any CPU = Release|Any CPU
	EndGlobalSection
	GlobalSection(ProjectConfigurationPlatforms) = postSolution
		{A94C77D4-404C-4BDD-A1A0-BC3517D81B5C}.Debug|Any CPU.ActiveCfg = Debug|Any CPU
		{A94C77D4-404C-4BDD-A1A0-BC3517D81B5C}.Debug|Any CPU.Build.0 = Debug|Any CPU
		{A94C77D4-404C-4BDD-A1A0-BC3517D81B5C}.Release|Any CPU.ActiveCfg = Release|Any CPU
		{A94C77D4-404C-4BDD-A1A0-BC3517D81B5C}.Release|Any CPU.Build.0 = Release|Any CPU
	EndGlobalSection
	GlobalSection(SolutionProperties) = preSolution
		HideSolutionNode = FALSE
	EndGlobalSection
	GlobalSection(ExtensibilityGlobals) = postSolution
		SolutionGuid = {784F1C99-B2BC-4B29-B755-42EB9FB82A02}
	EndGlobalSection
EndGlobal
